
Microsoft Visual Studio Solution File, Format Version 12.00
Project("{2150E333-8FDC-42A3-9474-1A3956D46DE8}") = "src", "src", "{34FA5EB3-C590-472F-837C-AE65EA545858}"
EndProject
Project("{2150E333-8FDC-42A3-9474-1A3956D46DE8}") = "Application", "Application", "{AF17D5D0-E82C-4FA0-990E-A6B0C0067BAB}"
EndProject
Project("{2150E333-8FDC-42A3-9474-1A3956D46DE8}") = "Domain", "Domain", "{76EA6409-D861-458A-86F7-B4DC7E856A7E}"
EndProject
Project("{2150E333-8FDC-42A3-9474-1A3956D46DE8}") = "Infrastructure", "Infrastructure", "{E4EA8F2F-3C5E-410E-8654-9025CD8BEAF5}"
EndProject
Project("{2150E333-8FDC-42A3-9474-1A3956D46DE8}") = "Hosts", "Hosts", "{C1BAF311-DB69-4E7E-A61A-A18E2DD8B0B8}"
EndProject
Project("{2150E333-8FDC-42A3-9474-1A3956D46DE8}") = "Contracts", "Contracts", "{B2AF1DE2-754A-4712-9426-90C437325D69}"
EndProject
Project("{FAE04EC0-301F-11D3-BF4B-00C04F79EFBC}") = "SemWorkAsp.DataAccess", "Infrastructure\SemWorkAsp.DataAccess\SemWorkAsp.DataAccess.csproj", "{E78D43CF-5BE8-4A0C-A96C-6E06F7778950}"
EndProject
Project("{FAE04EC0-301F-11D3-BF4B-00C04F79EFBC}") = "SemWorkAsp.ComponentRegistrar", "Infrastructure\SemWorkAsp.ComponentRegistrar\SemWorkAsp.ComponentRegistrar.csproj", "{2DF3A050-D385-4112-B3ED-D492391D9B3B}"
EndProject
Project("{FAE04EC0-301F-11D3-BF4B-00C04F79EFBC}") = "SemWorkAsp.Infrastructure", "Infrastructure\SemWorkAsp.Infrastructure\SemWorkAsp.Infrastructure.csproj", "{52B3B07D-561F-44FD-ACB9-A8A1698DF231}"
EndProject
Project("{FAE04EC0-301F-11D3-BF4B-00C04F79EFBC}") = "SemWorkAsp.Domain", "Domain\SemWorkAsp.Domain\SemWorkAsp.Domain.csproj", "{841EFB62-FB8F-446B-B5FC-86594DABB4D7}"
EndProject
Project("{FAE04EC0-301F-11D3-BF4B-00C04F79EFBC}") = "SemWorkAsp.Contracts", "Contracts\SemWorkAsp.Contracts\SemWorkAsp.Contracts.csproj", "{D98E8A14-EA71-45D7-B431-8360F4C0D8FA}"
EndProject
Project("{FAE04EC0-301F-11D3-BF4B-00C04F79EFBC}") = "SemWorkAsp.AppServices", "Application\SemWorkAsp.AppServices\SemWorkAsp.AppServices.csproj", "{D61B4945-049C-4698-8B0B-0F6A17796FAB}"
EndProject
Project("{FAE04EC0-301F-11D3-BF4B-00C04F79EFBC}") = "SemWorkAsp.Api", "Hosts\SemWorkAsp.Api\SemWorkAsp.Api.csproj", "{0E440F99-2F49-4D7E-9B9B-EEF14E89F447}"
EndProject
Project("{FAE04EC0-301F-11D3-BF4B-00C04F79EFBC}") = "SemWorkAsp.DbMigrator", "Hosts\SemWorkAsp.DbMigrator\SemWorkAsp.DbMigrator.csproj", "{98E6E120-E307-49EC-AF35-ED2227EC572A}"
EndProject
Global
	GlobalSection(SolutionConfigurationPlatforms) = preSolution
		Debug|Any CPU = Debug|Any CPU
		Release|Any CPU = Release|Any CPU
	EndGlobalSection
	GlobalSection(ProjectConfigurationPlatforms) = postSolution
		{E78D43CF-5BE8-4A0C-A96C-6E06F7778950}.Debug|Any CPU.ActiveCfg = Debug|Any CPU
		{E78D43CF-5BE8-4A0C-A96C-6E06F7778950}.Debug|Any CPU.Build.0 = Debug|Any CPU
		{E78D43CF-5BE8-4A0C-A96C-6E06F7778950}.Release|Any CPU.ActiveCfg = Release|Any CPU
		{E78D43CF-5BE8-4A0C-A96C-6E06F7778950}.Release|Any CPU.Build.0 = Release|Any CPU
		{2DF3A050-D385-4112-B3ED-D492391D9B3B}.Debug|Any CPU.ActiveCfg = Debug|Any CPU
		{2DF3A050-D385-4112-B3ED-D492391D9B3B}.Debug|Any CPU.Build.0 = Debug|Any CPU
		{2DF3A050-D385-4112-B3ED-D492391D9B3B}.Release|Any CPU.ActiveCfg = Release|Any CPU
		{2DF3A050-D385-4112-B3ED-D492391D9B3B}.Release|Any CPU.Build.0 = Release|Any CPU
		{52B3B07D-561F-44FD-ACB9-A8A1698DF231}.Debug|Any CPU.ActiveCfg = Debug|Any CPU
		{52B3B07D-561F-44FD-ACB9-A8A1698DF231}.Debug|Any CPU.Build.0 = Debug|Any CPU
		{52B3B07D-561F-44FD-ACB9-A8A1698DF231}.Release|Any CPU.ActiveCfg = Release|Any CPU
		{52B3B07D-561F-44FD-ACB9-A8A1698DF231}.Release|Any CPU.Build.0 = Release|Any CPU
		{841EFB62-FB8F-446B-B5FC-86594DABB4D7}.Debug|Any CPU.ActiveCfg = Debug|Any CPU
		{841EFB62-FB8F-446B-B5FC-86594DABB4D7}.Debug|Any CPU.Build.0 = Debug|Any CPU
		{841EFB62-FB8F-446B-B5FC-86594DABB4D7}.Release|Any CPU.ActiveCfg = Release|Any CPU
		{841EFB62-FB8F-446B-B5FC-86594DABB4D7}.Release|Any CPU.Build.0 = Release|Any CPU
		{D98E8A14-EA71-45D7-B431-8360F4C0D8FA}.Debug|Any CPU.ActiveCfg = Debug|Any CPU
		{D98E8A14-EA71-45D7-B431-8360F4C0D8FA}.Debug|Any CPU.Build.0 = Debug|Any CPU
		{D98E8A14-EA71-45D7-B431-8360F4C0D8FA}.Release|Any CPU.ActiveCfg = Release|Any CPU
		{D98E8A14-EA71-45D7-B431-8360F4C0D8FA}.Release|Any CPU.Build.0 = Release|Any CPU
		{D61B4945-049C-4698-8B0B-0F6A17796FAB}.Debug|Any CPU.ActiveCfg = Debug|Any CPU
		{D61B4945-049C-4698-8B0B-0F6A17796FAB}.Debug|Any CPU.Build.0 = Debug|Any CPU
		{D61B4945-049C-4698-8B0B-0F6A17796FAB}.Release|Any CPU.ActiveCfg = Release|Any CPU
		{D61B4945-049C-4698-8B0B-0F6A17796FAB}.Release|Any CPU.Build.0 = Release|Any CPU
		{0E440F99-2F49-4D7E-9B9B-EEF14E89F447}.Debug|Any CPU.ActiveCfg = Debug|Any CPU
		{0E440F99-2F49-4D7E-9B9B-EEF14E89F447}.Debug|Any CPU.Build.0 = Debug|Any CPU
		{0E440F99-2F49-4D7E-9B9B-EEF14E89F447}.Release|Any CPU.ActiveCfg = Release|Any CPU
		{0E440F99-2F49-4D7E-9B9B-EEF14E89F447}.Release|Any CPU.Build.0 = Release|Any CPU
		{98E6E120-E307-49EC-AF35-ED2227EC572A}.Debug|Any CPU.ActiveCfg = Debug|Any CPU
		{98E6E120-E307-49EC-AF35-ED2227EC572A}.Debug|Any CPU.Build.0 = Debug|Any CPU
		{98E6E120-E307-49EC-AF35-ED2227EC572A}.Release|Any CPU.ActiveCfg = Release|Any CPU
		{98E6E120-E307-49EC-AF35-ED2227EC572A}.Release|Any CPU.Build.0 = Release|Any CPU
	EndGlobalSection
	GlobalSection(NestedProjects) = preSolution
		{AF17D5D0-E82C-4FA0-990E-A6B0C0067BAB} = {34FA5EB3-C590-472F-837C-AE65EA545858}
		{76EA6409-D861-458A-86F7-B4DC7E856A7E} = {34FA5EB3-C590-472F-837C-AE65EA545858}
		{E4EA8F2F-3C5E-410E-8654-9025CD8BEAF5} = {34FA5EB3-C590-472F-837C-AE65EA545858}
		{C1BAF311-DB69-4E7E-A61A-A18E2DD8B0B8} = {34FA5EB3-C590-472F-837C-AE65EA545858}
		{B2AF1DE2-754A-4712-9426-90C437325D69} = {34FA5EB3-C590-472F-837C-AE65EA545858}
		{E78D43CF-5BE8-4A0C-A96C-6E06F7778950} = {E4EA8F2F-3C5E-410E-8654-9025CD8BEAF5}
		{2DF3A050-D385-4112-B3ED-D492391D9B3B} = {E4EA8F2F-3C5E-410E-8654-9025CD8BEAF5}
		{52B3B07D-561F-44FD-ACB9-A8A1698DF231} = {E4EA8F2F-3C5E-410E-8654-9025CD8BEAF5}
		{841EFB62-FB8F-446B-B5FC-86594DABB4D7} = {76EA6409-D861-458A-86F7-B4DC7E856A7E}
		{D98E8A14-EA71-45D7-B431-8360F4C0D8FA} = {B2AF1DE2-754A-4712-9426-90C437325D69}
		{D61B4945-049C-4698-8B0B-0F6A17796FAB} = {AF17D5D0-E82C-4FA0-990E-A6B0C0067BAB}
		{0E440F99-2F49-4D7E-9B9B-EEF14E89F447} = {C1BAF311-DB69-4E7E-A61A-A18E2DD8B0B8}
		{98E6E120-E307-49EC-AF35-ED2227EC572A} = {C1BAF311-DB69-4E7E-A61A-A18E2DD8B0B8}
	EndGlobalSection
EndGlobal
